
Microsoft Visual Studio Solution File, Format Version 12.00
# Visual Studio Version 17
VisualStudioVersion = 17.0.31903.59
MinimumVisualStudioVersion = 10.0.40219.1
Project("{2150E333-8FDC-42A3-9474-1A3956D46DE8}") = "src", "src", "{7796297B-9ECA-4FBD-B6DD-5B7908E71A41}"
EndProject
Project("{FAE04EC0-301F-11D3-BF4B-00C04F79EFBC}") = "lc.df.api", "src\lc.df.api\lc.df.api.csproj", "{A5AF39C9-255E-4D92-843D-D126165CB363}"
EndProject
Global
	GlobalSection(SolutionConfigurationPlatforms) = preSolution
		Debug|Any CPU = Debug|Any CPU
		Release|Any CPU = Release|Any CPU
	EndGlobalSection
	GlobalSection(SolutionProperties) = preSolution
		HideSolutionNode = FALSE
	EndGlobalSection
	GlobalSection(ProjectConfigurationPlatforms) = postSolution
		{A5AF39C9-255E-4D92-843D-D126165CB363}.Debug|Any CPU.ActiveCfg = Debug|Any CPU
		{A5AF39C9-255E-4D92-843D-D126165CB363}.Debug|Any CPU.Build.0 = Debug|Any CPU
		{A5AF39C9-255E-4D92-843D-D126165CB363}.Release|Any CPU.ActiveCfg = Release|Any CPU
		{A5AF39C9-255E-4D92-843D-D126165CB363}.Release|Any CPU.Build.0 = Release|Any CPU
	EndGlobalSection
	GlobalSection(NestedProjects) = preSolution
		{A5AF39C9-255E-4D92-843D-D126165CB363} = {7796297B-9ECA-4FBD-B6DD-5B7908E71A41}
	EndGlobalSection
EndGlobal
